# THIS IS AN AUTOGENERATED FILE. DO NOT EDIT THIS FILE DIRECTLY.
# yarn lockfile v1


commander@^7.1.0:
  version "7.1.0"
  resolved "https://registry.yarnpkg.com/commander/-/commander-7.1.0.tgz#f2eaecf131f10e36e07d894698226e36ae0eb5ff"
  integrity sha512-pRxBna3MJe6HKnBGsDyMv8ETbptw3axEdYHoqNh7gu5oDcew8fs0xnivZGm06Ogk8zGAJ9VX+OPEr2GXEQK4dg==
